{
    "_readme": [
        "This file locks the dependencies of your project to a known state",
        "Read more about it at https://getcomposer.org/doc/01-basic-usage.md#composer-lock-the-lock-file",
        "This file is @generated automatically"
    ],
    "content-hash": "3c3967b481b006edf115532ab3832b63",
    "packages": [
        {
            "name": "jtsternberg/cmb2-term-select",
            "version": "v0.1.0",
            "source": {
                "type": "git",
                "url": "https://github.com/jtsternberg/cmb2-term-select.git",
                "reference": "0f2344572916a2a924f0cdcd7c476a612f88bfed"
            },
            "dist": {
                "type": "zip",
                "url": "https://api.github.com/repos/jtsternberg/cmb2-term-select/zipball/0f2344572916a2a924f0cdcd7c476a612f88bfed",
                "reference": "0f2344572916a2a924f0cdcd7c476a612f88bfed",
                "shasum": ""
            },
            "require": {
                "php": ">=5.2"
            },
            "type": "library",
            "autoload": {
                "files": [
                    "cmb2-term-select.php"
                ]
            },
            "notification-url": "https://packagist.org/downloads/",
            "license": [
                "GPL-2.0+"
            ],
            "authors": [
                {
                    "name": "jtsternberg",
                    "email": "justin@dsgnwrks.pro",
                    "homepage": "http://dsgnwrks.pro/",
                    "role": "Developer"
                }
            ],
            "description": "Special CMB2 Field that allows users to define an autocomplete text field for terms",
            "homepage": "https://github.com/jtsternberg/cmb2-term-select",
            "keywords": [
                "CMB2",
                "meta",
                "wordpress"
            ],
            "time": "2016-05-30T06:08:55+00:00"
        },
        {
            "name": "jtsternberg/shortcode-button",
            "version": "v1.0.6",
            "source": {
                "type": "git",
                "url": "https://github.com/jtsternberg/Shortcode_Button.git",
                "reference": "05e1abda5557d93e25a063123f72ece315aa2e3a"
            },
            "dist": {
                "type": "zip",
                "url": "https://api.github.com/repos/jtsternberg/Shortcode_Button/zipball/05e1abda5557d93e25a063123f72ece315aa2e3a",
                "reference": "05e1abda5557d93e25a063123f72ece315aa2e3a",
                "shasum": ""
            },
            "require": {
                "php": ">5.2"
            },
            "type": "wordpress-plugin",
            "autoload": {
                "classmap": [
                    "shortcode-button.php"
                ]
            },
            "notification-url": "https://packagist.org/downloads/",
            "license": [
                "GPL-2.0+"
            ],
            "authors": [
                {
                    "name": "jtsternberg",
                    "email": "justin@dsgnwrks.pro",
                    "homepage": "http://dsgnwrks.pro/",
                    "role": "Developer"
                }
            ],
            "description": "Tinymce and Quicktag buttons (and modals) for outputting shortcodes. Built to work with CMB2.",
            "homepage": "https://github.com/jtsternberg/Shortcode_Button",
            "keywords": [
                "CMB2",
                "shortcodes",
                "wordpress"
            ],
            "time": "2017-02-27T16:51:40+00:00"
        },
        {
            "name": "techcrunch/wp-async-task",
            "version": "dev-master",
            "source": {
                "type": "git",
                "url": "https://github.com/techcrunch/wp-async-task.git",
                "reference": "9bdbbf9df4ff5179711bb58b9a2451296f6753dc"
            },
            "dist": {
                "type": "zip",
                "url": "https://api.github.com/repos/techcrunch/wp-async-task/zipball/9bdbbf9df4ff5179711bb58b9a2451296f6753dc",
                "reference": "9bdbbf9df4ff5179711bb58b9a2451296f6753dc",
                "shasum": ""
            },
            "require-dev": {
                "10up/wp_mock": "dev-master",
                "phpunit/phpunit": "*@stable"
            },
            "type": "wordpress-plugin",
            "autoload": {
                "classmap": [
                    "wp-async-task.php"
                ]
            },
            "notification-url": "https://packagist.org/downloads/",
            "license": [
                "MIT"
            ],
            "authors": [
                {
                    "name": "Alex Khadiwala",
                    "role": "developer"
                },
                {
                    "name": "Nicolas Vincent",
                    "role": "developer"
                },
                {
                    "name": "Eric Mann",
                    "email": "eric.mann@10up.com",
                    "role": "developer"
                },
                {
                    "name": "John P. Bloch",
                    "email": "john.bloch@10up.com",
                    "role": "developer"
                }
            ],
            "description": "Run asynchronous tasks for long-running operations in WordPress",
            "time": "2016-03-10 17:37:13"
        },
        {
            "name": "webdevstudios/cmb2-post-search-field",
            "version": "v0.2.5",
            "source": {
                "type": "git",
                "url": "https://github.com/WebDevStudios/CMB2-Post-Search-field.git",
                "reference": "f1c0422a3de6e95f5b5597fe734f86ae51990ce8"
            },
            "dist": {
                "type": "zip",
                "url": "https://api.github.com/repos/WebDevStudios/CMB2-Post-Search-field/zipball/f1c0422a3de6e95f5b5597fe734f86ae51990ce8",
                "reference": "f1c0422a3de6e95f5b5597fe734f86ae51990ce8",
                "shasum": ""
            },
            "require": {
                "php": ">5.2.4"
            },
            "suggest": {
                "composer/installers": "~1.0"
            },
            "type": "wordpress-plugin",
            "notification-url": "https://packagist.org/downloads/",
            "license": [
                "GPL-2.0+"
            ],
            "authors": [
                {
                    "name": "WebDevStudios",
                    "email": "contact@webdevstudios.com",
                    "homepage": "https://github.com/WebDevStudios",
                    "role": "Developer"
                }
            ],
            "description": "Custom field for CMB2 which adds a post-search dialog for searching/attaching other post IDs.",
            "homepage": "https://github.com/WebDevStudios/CMB2",
            "keywords": [
                "field",
                "metabox",
                "plugin",
                "search",
                "wordpress"
            ],
            "time": "2016-05-30T06:58:49+00:00"
        },
        {
            "name": "webdevstudios/cpt-core",
            "version": "dev-master",
            "source": {
                "type": "git",
                "url": "https://github.com/WebDevStudios/CPT_Core.git",
                "reference": "1f856e619a20c96f093f6916b4e6fa522d851b7c"
            },
            "dist": {
                "type": "zip",
                "url": "https://api.github.com/repos/WebDevStudios/CPT_Core/zipball/1f856e619a20c96f093f6916b4e6fa522d851b7c",
                "reference": "1f856e619a20c96f093f6916b4e6fa522d851b7c",
                "shasum": ""
            },
            "suggest": {
                "composer/installers": "~1.0"
            },
            "type": "wordpress-plugin",
            "autoload": {
                "files": [
                    "CPT_Core.php"
                ]
            },
            "notification-url": "https://packagist.org/downloads/",
            "license": [
                "GPLv2"
            ],
            "authors": [
                {
                    "name": "WebDevStudios",
                    "email": "contact@webdevstudios.com",
                    "homepage": "https://github.com/WebDevStudios",
                    "role": "Developer"
                }
            ],
            "description": "WordPress Custom Post Type OO wrapper",
            "homepage": "https://github.com/WebDevStudios/CPT_Core",
            "keywords": [
                "metabox",
                "plugin",
                "wordpress"
            ],
            "time": "2017-03-24 16:06:06"
        },
        {
            "name": "webdevstudios/taxonomy_core",
            "version": "v0.2.4",
            "source": {
                "type": "git",
                "url": "https://github.com/WebDevStudios/Taxonomy_Core.git",
                "reference": "80393ecb126d24ef3940ab7fa06635fe782701d8"
            },
            "dist": {
                "type": "zip",
                "url": "https://api.github.com/repos/WebDevStudios/Taxonomy_Core/zipball/80393ecb126d24ef3940ab7fa06635fe782701d8",
                "reference": "80393ecb126d24ef3940ab7fa06635fe782701d8",
                "shasum": ""
            },
            "type": "library",
            "autoload": {
                "files": [
                    "Taxonomy_Core.php"
                ]
            },
            "notification-url": "https://packagist.org/downloads/",
            "license": [
                "GPLv2"
            ],
            "authors": [
                {
                    "name": "WebDevStudios",
                    "email": "contact@webdevstudios.com"
                }
            ],
            "description": "A tool to make custom taxonomy registration just a bit simpler. Automatically registers taxonomy labels, and provides helpful methods.",
            "time": "2016-02-27T20:21:38+00:00"
        },
        {
            "name": "webdevstudios/wds-shortcodes",
            "version": "v1.0.6",
            "source": {
                "type": "git",
                "url": "https://github.com/WebDevStudios/WDS-Shortcodes.git",
                "reference": "610185109847e0403615fd310338077e46342b22"
            },
            "dist": {
                "type": "zip",
                "url": "https://api.github.com/repos/WebDevStudios/WDS-Shortcodes/zipball/610185109847e0403615fd310338077e46342b22",
                "reference": "610185109847e0403615fd310338077e46342b22",
                "shasum": ""
            },
            "require": {
                "jtsternberg/shortcode-button": "^v1.0.5",
                "php": ">5.2",
                "tgmpa/tgm-plugin-activation": "2.5.2"
            },
            "type": "wordpress-plugin",
            "autoload": {
                "classmap": [
                    "includes",
                    "vendor/tgmpa/tgm-plugin-activation/class-tgm-plugin-activation.php"
                ],
                "files": [
                    "vendor/jtsternberg/shortcode-button/shortcode-button.php"
                ]
            },
            "notification-url": "https://packagist.org/downloads/",
            "license": [
                "GPL-2.0+"
            ],
            "authors": [
                {
                    "name": "WebDevStudios",
                    "email": "contact@webdevstudios.com",
                    "homepage": "https://github.com/WebDevStudios",
                    "role": "Developer"
                }
            ],
            "description": "Base plugin/classes/functionality for creating shortcodes.",
            "homepage": "https://github.com/WebDevStudios/WDS-Shortcodes",
            "keywords": [
                "json",
                "wordpress",
                "wp-api"
            ],
            "time": "2016-09-13T15:49:16+00:00"
        }
    ],
    "packages-dev": [],
    "aliases": [],
    "minimum-stability": "dev",
    "stability-flags": {
        "techcrunch/wp-async-task": 20,
        "webdevstudios/cpt-core": 20
    },
    "prefer-stable": false,
    "prefer-lowest": false,
    "platform": {
        "php": ">=5.2"
    },
    "platform-dev": []
}
